
Microsoft Visual Studio Solution File, Format Version 12.00
# Visual Studio Version 17
VisualStudioVersion = 17.10.35004.147
MinimumVisualStudioVersion = 10.0.40219.1
Project("{9A19103F-16F7-4668-BE54-9A1E7A4F7556}") = "RDF.GL", "RDF.GL\RDF.GL.csproj", "{6F935577-682F-4915-A1EF-7A2FA2AA28A3}"
EndProject
Project("{E53339B2-1760-4266-BCC7-CA923CBCF16C}") = "docker-compose", "docker-compose.dcproj", "{1DDDAE40-2EE5-4B98-89BD-417AC3E663D7}"
EndProject
Global
	GlobalSection(SolutionConfigurationPlatforms) = preSolution
		Debug|Any CPU = Debug|Any CPU
		Release|Any CPU = Release|Any CPU
	EndGlobalSection
	GlobalSection(ProjectConfigurationPlatforms) = postSolution
		{6F935577-682F-4915-A1EF-7A2FA2AA28A3}.Debug|Any CPU.ActiveCfg = Debug|Any CPU
		{6F935577-682F-4915-A1EF-7A2FA2AA28A3}.Debug|Any CPU.Build.0 = Debug|Any CPU
		{6F935577-682F-4915-A1EF-7A2FA2AA28A3}.Release|Any CPU.ActiveCfg = Release|Any CPU
		{6F935577-682F-4915-A1EF-7A2FA2AA28A3}.Release|Any CPU.Build.0 = Release|Any CPU
		{1DDDAE40-2EE5-4B98-89BD-417AC3E663D7}.Debug|Any CPU.ActiveCfg = Debug|Any CPU
		{1DDDAE40-2EE5-4B98-89BD-417AC3E663D7}.Debug|Any CPU.Build.0 = Debug|Any CPU
		{1DDDAE40-2EE5-4B98-89BD-417AC3E663D7}.Release|Any CPU.ActiveCfg = Release|Any CPU
		{1DDDAE40-2EE5-4B98-89BD-417AC3E663D7}.Release|Any CPU.Build.0 = Release|Any CPU
	EndGlobalSection
	GlobalSection(SolutionProperties) = preSolution
		HideSolutionNode = FALSE
	EndGlobalSection
	GlobalSection(ExtensibilityGlobals) = postSolution
		SolutionGuid = {1010CB8E-6FDA-4334-8703-108E5DB44FD5}
	EndGlobalSection
EndGlobal
